
Microsoft Visual Studio Solution File, Format Version 12.00
# Visual Studio Version 16
VisualStudioVersion = 16.0.33801.447
MinimumVisualStudioVersion = 10.0.40219.1
Project("{FAE04EC0-301F-11D3-BF4B-00C04F79EFBC}") = "HDILowerArmMonitoring", "HDILowerArmMonitoring\HDILowerArmMonitoring.csproj", "{23DE1C73-4384-4980-B66C-E5FC4B23FEBF}"
EndProject
Global
	GlobalSection(SolutionConfigurationPlatforms) = preSolution
		Debug|Any CPU = Debug|Any CPU
		Debug|x64 = Debug|x64
		Release|Any CPU = Release|Any CPU
		Release|x64 = Release|x64
	EndGlobalSection
	GlobalSection(ProjectConfigurationPlatforms) = postSolution
		{23DE1C73-4384-4980-B66C-E5FC4B23FEBF}.Debug|Any CPU.ActiveCfg = Debug|Any CPU
		{23DE1C73-4384-4980-B66C-E5FC4B23FEBF}.Debug|Any CPU.Build.0 = Debug|Any CPU
		{23DE1C73-4384-4980-B66C-E5FC4B23FEBF}.Debug|x64.ActiveCfg = Debug|x64
		{23DE1C73-4384-4980-B66C-E5FC4B23FEBF}.Debug|x64.Build.0 = Debug|x64
		{23DE1C73-4384-4980-B66C-E5FC4B23FEBF}.Release|Any CPU.ActiveCfg = Release|Any CPU
		{23DE1C73-4384-4980-B66C-E5FC4B23FEBF}.Release|Any CPU.Build.0 = Release|Any CPU
		{23DE1C73-4384-4980-B66C-E5FC4B23FEBF}.Release|x64.ActiveCfg = Release|x64
		{23DE1C73-4384-4980-B66C-E5FC4B23FEBF}.Release|x64.Build.0 = Release|x64
	EndGlobalSection
	GlobalSection(SolutionProperties) = preSolution
		HideSolutionNode = FALSE
	EndGlobalSection
	GlobalSection(ExtensibilityGlobals) = postSolution
		SolutionGuid = {E6A8D752-50FB-4647-B6A2-C90781568E1C}
	EndGlobalSection
EndGlobal
